{
    "_readme": [
        "This file locks the dependencies of your project to a known state",
        "Read more about it at https://getcomposer.org/doc/01-basic-usage.md#installing-dependencies",
        "This file is @generated automatically"
    ],
    "content-hash": "83220259327f8d448025a6081a1dcf20",
    "packages": [
        {
            "name": "symfony/flex",
            "version": "v1.18.3",
            "source": {
                "type": "git",
                "url": "https://github.com/symfony/flex.git",
                "reference": "d40a6b176b70ea323af2b08507319d1c417520fd"
            },
            "dist": {
                "type": "zip",
                "url": "https://api.github.com/repos/symfony/flex/zipball/d40a6b176b70ea323af2b08507319d1c417520fd",
                "reference": "d40a6b176b70ea323af2b08507319d1c417520fd",
                "shasum": ""
            },
            "require": {
                "composer-plugin-api": "^1.0|^2.0",
                "php": ">=7.1"
            },
            "require-dev": {
                "composer/composer": "^1.0.2|^2.0",
                "symfony/dotenv": "^4.4|^5.0|^6.0",
                "symfony/filesystem": "^4.4|^5.0|^6.0",
                "symfony/phpunit-bridge": "^4.4.12|^5.0|^6.0",
                "symfony/process": "^4.4|^5.0|^6.0"
            },
            "type": "composer-plugin",
            "extra": {
                "class": "Symfony\\Flex\\Flex"
            },
            "autoload": {
                "psr-4": {
                    "Symfony\\Flex\\": "src"
                }
            },
            "notification-url": "https://packagist.org/downloads/",
            "license": [
                "MIT"
            ],
            "authors": [
                {
                    "name": "Fabien Potencier",
                    "email": "fabien.potencier@gmail.com"
                }
            ],
            "description": "Composer plugin for Symfony",
            "support": {
                "issues": "https://github.com/symfony/flex/issues",
                "source": "https://github.com/symfony/flex/tree/v1.18.3"
            },
            "funding": [
                {
                    "url": "https://symfony.com/sponsor",
                    "type": "custom"
                },
                {
                    "url": "https://github.com/fabpot",
                    "type": "github"
                },
                {
                    "url": "https://tidelift.com/funding/github/packagist/symfony/symfony",
                    "type": "tidelift"
                }
            ],
            "time": "2022-01-27T10:24:58+00:00"
        }
    ],
    "packages-dev": [],
    "aliases": [],
    "minimum-stability": "stable",
    "stability-flags": [],
    "prefer-stable": true,
    "prefer-lowest": false,
    "platform": {
        "php": ">=7.2.5",
        "ext-ctype": "*",
        "ext-iconv": "*"
    },
    "platform-dev": [],
    "plugin-api-version": "2.0.0"
}
